
Microsoft Visual Studio Solution File, Format Version 12.00
# Visual Studio Version 17
VisualStudioVersion = 17.7.34202.233
MinimumVisualStudioVersion = 10.0.40219.1
Project("{9A19103F-16F7-4668-BE54-9A1E7A4F7556}") = "ASassignment2", "ASassignment2\ASassignment2.csproj", "{1200BB75-9ECE-4EDA-98AF-D8E07BB27454}"
EndProject
Global
	GlobalSection(SolutionConfigurationPlatforms) = preSolution
		Debug|Any CPU = Debug|Any CPU
		Release|Any CPU = Release|Any CPU
	EndGlobalSection
	GlobalSection(ProjectConfigurationPlatforms) = postSolution
		{1200BB75-9ECE-4EDA-98AF-D8E07BB27454}.Debug|Any CPU.ActiveCfg = Debug|Any CPU
		{1200BB75-9ECE-4EDA-98AF-D8E07BB27454}.Debug|Any CPU.Build.0 = Debug|Any CPU
		{1200BB75-9ECE-4EDA-98AF-D8E07BB27454}.Release|Any CPU.ActiveCfg = Release|Any CPU
		{1200BB75-9ECE-4EDA-98AF-D8E07BB27454}.Release|Any CPU.Build.0 = Release|Any CPU
	EndGlobalSection
	GlobalSection(SolutionProperties) = preSolution
		HideSolutionNode = FALSE
	EndGlobalSection
	GlobalSection(ExtensibilityGlobals) = postSolution
		SolutionGuid = {E5A20629-1E11-4A59-979F-C151EB6682F9}
	EndGlobalSection
EndGlobal
